
Microsoft Visual Studio Solution File, Format Version 12.00
# Visual Studio Version 16
VisualStudioVersion = 16.0.30225.117
MinimumVisualStudioVersion = 10.0.40219.1
Project("{FAE04EC0-301F-11D3-BF4B-00C04F79EFBC}") = "QMPT", "QMPT\QMPT.csproj", "{BFB836F9-BE76-4806-8909-1115FF5CF81D}"
EndProject
Global
	GlobalSection(SolutionConfigurationPlatforms) = preSolution
		Debug|Any CPU = Debug|Any CPU
		Release|Any CPU = Release|Any CPU
	EndGlobalSection
	GlobalSection(ProjectConfigurationPlatforms) = postSolution
		{BFB836F9-BE76-4806-8909-1115FF5CF81D}.Debug|Any CPU.ActiveCfg = Debug|Any CPU
		{BFB836F9-BE76-4806-8909-1115FF5CF81D}.Debug|Any CPU.Build.0 = Debug|Any CPU
		{BFB836F9-BE76-4806-8909-1115FF5CF81D}.Release|Any CPU.ActiveCfg = Release|Any CPU
		{BFB836F9-BE76-4806-8909-1115FF5CF81D}.Release|Any CPU.Build.0 = Release|Any CPU
	EndGlobalSection
	GlobalSection(SolutionProperties) = preSolution
		HideSolutionNode = FALSE
	EndGlobalSection
	GlobalSection(ExtensibilityGlobals) = postSolution
		SolutionGuid = {181DE09E-7DF5-46D9-914A-B506FA7FAC47}
	EndGlobalSection
EndGlobal
